{
  "name": "dingding",
  "version": "1.0.0",
  "lockfileVersion": 1,
  "requires": true,
  "dependencies": {
    "mini-antui": {
      "version": "0.4.25",
      "resolved": "https://registry.npmjs.org/mini-antui/-/mini-antui-0.4.25.tgz",
      "integrity": "sha512-HQSmWsyy4gV5ICGQvMZCFHWxB4d2fkfQn1P1bgRMx7ARQubwbrVKFhgvKoYRojVNN4SNz7g2lyOWapb1vE7ibw=="
    }
  }
}
